
Microsoft Visual Studio Solution File, Format Version 12.00
# Visual Studio Version 17
VisualStudioVersion = 17.9.34616.47
MinimumVisualStudioVersion = 10.0.40219.1
Project("{FAE04EC0-301F-11D3-BF4B-00C04F79EFBC}") = "QuizReviewApplication.Domain", "QuizReviewApplication.Domain\QuizReviewApplication.Domain.csproj", "{C91EDDFD-B86D-4FBA-868B-FBE46B2CFD4E}"
EndProject
Project("{FAE04EC0-301F-11D3-BF4B-00C04F79EFBC}") = "QuizReviewApplication.Application", "QuizReviewApplication.Application\QuizReviewApplication.Application.csproj", "{C3C45099-698B-41E5-A9F2-B0ABAFF7C821}"
EndProject
Project("{FAE04EC0-301F-11D3-BF4B-00C04F79EFBC}") = "QuizReviewApplication.Infrastructure", "QuizReviewApplication.Infrastructure\QuizReviewApplication.Infrastructure.csproj", "{44E00492-CDA6-4F6E-81F7-A0FF479F558B}"
EndProject
Global
	GlobalSection(SolutionConfigurationPlatforms) = preSolution
		Debug|Any CPU = Debug|Any CPU
		Release|Any CPU = Release|Any CPU
	EndGlobalSection
	GlobalSection(ProjectConfigurationPlatforms) = postSolution
		{C91EDDFD-B86D-4FBA-868B-FBE46B2CFD4E}.Debug|Any CPU.ActiveCfg = Debug|Any CPU
		{C91EDDFD-B86D-4FBA-868B-FBE46B2CFD4E}.Debug|Any CPU.Build.0 = Debug|Any CPU
		{C91EDDFD-B86D-4FBA-868B-FBE46B2CFD4E}.Release|Any CPU.ActiveCfg = Release|Any CPU
		{C91EDDFD-B86D-4FBA-868B-FBE46B2CFD4E}.Release|Any CPU.Build.0 = Release|Any CPU
		{C3C45099-698B-41E5-A9F2-B0ABAFF7C821}.Debug|Any CPU.ActiveCfg = Debug|Any CPU
		{C3C45099-698B-41E5-A9F2-B0ABAFF7C821}.Debug|Any CPU.Build.0 = Debug|Any CPU
		{C3C45099-698B-41E5-A9F2-B0ABAFF7C821}.Release|Any CPU.ActiveCfg = Release|Any CPU
		{C3C45099-698B-41E5-A9F2-B0ABAFF7C821}.Release|Any CPU.Build.0 = Release|Any CPU
		{44E00492-CDA6-4F6E-81F7-A0FF479F558B}.Debug|Any CPU.ActiveCfg = Debug|Any CPU
		{44E00492-CDA6-4F6E-81F7-A0FF479F558B}.Debug|Any CPU.Build.0 = Debug|Any CPU
		{44E00492-CDA6-4F6E-81F7-A0FF479F558B}.Release|Any CPU.ActiveCfg = Release|Any CPU
		{44E00492-CDA6-4F6E-81F7-A0FF479F558B}.Release|Any CPU.Build.0 = Release|Any CPU
	EndGlobalSection
	GlobalSection(SolutionProperties) = preSolution
		HideSolutionNode = FALSE
	EndGlobalSection
	GlobalSection(ExtensibilityGlobals) = postSolution
		SolutionGuid = {3860A5A7-A23D-4FDB-9F25-1B5ED4CEFFF2}
	EndGlobalSection
EndGlobal
