
Microsoft Visual Studio Solution File, Format Version 12.00
# Visual Studio Version 17
VisualStudioVersion = 17.9.34616.47
MinimumVisualStudioVersion = 10.0.40219.1
Project("{9A19103F-16F7-4668-BE54-9A1E7A4F7556}") = "QuizReviewApplication.Domain", "QuizReviewApplication.Domain\QuizReviewApplication.Domain.csproj", "{C91EDDFD-B86D-4FBA-868B-FBE46B2CFD4E}"
EndProject
Project("{9A19103F-16F7-4668-BE54-9A1E7A4F7556}") = "QuizReviewApplication.Application", "QuizReviewApplication.Application\QuizReviewApplication.Application.csproj", "{C3C45099-698B-41E5-A9F2-B0ABAFF7C821}"
EndProject
Project("{9A19103F-16F7-4668-BE54-9A1E7A4F7556}") = "QuizReviewApplication.Infrastructure", "QuizReviewApplication.Infrastructure\QuizReviewApplication.Infrastructure.csproj", "{44E00492-CDA6-4F6E-81F7-A0FF479F558B}"
EndProject
Project("{9A19103F-16F7-4668-BE54-9A1E7A4F7556}") = "QuizReviewApplication.WebApi", "QuizReviewApplication.WebApi\QuizReviewApplication.WebApi.csproj", "{F32312F4-6FE7-4965-9661-BADE9FA93D79}"
EndProject
Project("{2150E333-8FDC-42A3-9474-1A3956D46DE8}") = "Tests", "Tests", "{8A757867-9529-46E9-AD6A-BDF73D59A296}"
EndProject
Project("{9A19103F-16F7-4668-BE54-9A1E7A4F7556}") = "QuizReviewApplication.Application.UnitTests", "QuizReviewApplication.Application.UnitTests\QuizReviewApplication.Application.UnitTests.csproj", "{FF42DBD8-F793-4887-8306-3367ADE4D948}"
EndProject
Project("{9A19103F-16F7-4668-BE54-9A1E7A4F7556}") = "QuizReviewApplication.Domain.UnitTests", "QuizReviewApplication.Domain.UnitTests\QuizReviewApplication.Domain.UnitTests.csproj", "{1806F723-181F-46C5-BF6C-00EA78873808}"
EndProject
Project("{9A19103F-16F7-4668-BE54-9A1E7A4F7556}") = "QuizReviewApplication.Infrastructure.UnitTests", "QuizReviewApplication.Infrastructure.UnitTests\QuizReviewApplication.Infrastructure.UnitTests.csproj", "{FDEF698A-19A5-4E96-977E-CE9024C2F122}"
EndProject
Project("{9A19103F-16F7-4668-BE54-9A1E7A4F7556}") = "QuizReviewApplication.WebApi.UnitTests", "QuizReviewApplication.WebApi.UnitTests\QuizReviewApplication.WebApi.UnitTests.csproj", "{E2CAE145-7427-4732-BFC8-E79DA40E1CE5}"
EndProject
Project("{9A19103F-16F7-4668-BE54-9A1E7A4F7556}") = "QuizReviewApplication.Application.IntegrationTests", "QuizReviewApplication.Infrastructure.IntegrationTests\QuizReviewApplication.Application.IntegrationTests.csproj", "{6F224FE2-3516-4903-B803-9FDFBFC2BA9F}"
EndProject
Global
	GlobalSection(SolutionConfigurationPlatforms) = preSolution
		Debug|Any CPU = Debug|Any CPU
		Release|Any CPU = Release|Any CPU
	EndGlobalSection
	GlobalSection(ProjectConfigurationPlatforms) = postSolution
		{C91EDDFD-B86D-4FBA-868B-FBE46B2CFD4E}.Debug|Any CPU.ActiveCfg = Debug|Any CPU
		{C91EDDFD-B86D-4FBA-868B-FBE46B2CFD4E}.Debug|Any CPU.Build.0 = Debug|Any CPU
		{C91EDDFD-B86D-4FBA-868B-FBE46B2CFD4E}.Release|Any CPU.ActiveCfg = Release|Any CPU
		{C91EDDFD-B86D-4FBA-868B-FBE46B2CFD4E}.Release|Any CPU.Build.0 = Release|Any CPU
		{C3C45099-698B-41E5-A9F2-B0ABAFF7C821}.Debug|Any CPU.ActiveCfg = Debug|Any CPU
		{C3C45099-698B-41E5-A9F2-B0ABAFF7C821}.Debug|Any CPU.Build.0 = Debug|Any CPU
		{C3C45099-698B-41E5-A9F2-B0ABAFF7C821}.Release|Any CPU.ActiveCfg = Release|Any CPU
		{C3C45099-698B-41E5-A9F2-B0ABAFF7C821}.Release|Any CPU.Build.0 = Release|Any CPU
		{44E00492-CDA6-4F6E-81F7-A0FF479F558B}.Debug|Any CPU.ActiveCfg = Debug|Any CPU
		{44E00492-CDA6-4F6E-81F7-A0FF479F558B}.Debug|Any CPU.Build.0 = Debug|Any CPU
		{44E00492-CDA6-4F6E-81F7-A0FF479F558B}.Release|Any CPU.ActiveCfg = Release|Any CPU
		{44E00492-CDA6-4F6E-81F7-A0FF479F558B}.Release|Any CPU.Build.0 = Release|Any CPU
		{F32312F4-6FE7-4965-9661-BADE9FA93D79}.Debug|Any CPU.ActiveCfg = Debug|Any CPU
		{F32312F4-6FE7-4965-9661-BADE9FA93D79}.Debug|Any CPU.Build.0 = Debug|Any CPU
		{F32312F4-6FE7-4965-9661-BADE9FA93D79}.Release|Any CPU.ActiveCfg = Release|Any CPU
		{F32312F4-6FE7-4965-9661-BADE9FA93D79}.Release|Any CPU.Build.0 = Release|Any CPU
		{FF42DBD8-F793-4887-8306-3367ADE4D948}.Debug|Any CPU.ActiveCfg = Debug|Any CPU
		{FF42DBD8-F793-4887-8306-3367ADE4D948}.Debug|Any CPU.Build.0 = Debug|Any CPU
		{FF42DBD8-F793-4887-8306-3367ADE4D948}.Release|Any CPU.ActiveCfg = Release|Any CPU
		{FF42DBD8-F793-4887-8306-3367ADE4D948}.Release|Any CPU.Build.0 = Release|Any CPU
		{1806F723-181F-46C5-BF6C-00EA78873808}.Debug|Any CPU.ActiveCfg = Debug|Any CPU
		{1806F723-181F-46C5-BF6C-00EA78873808}.Debug|Any CPU.Build.0 = Debug|Any CPU
		{1806F723-181F-46C5-BF6C-00EA78873808}.Release|Any CPU.ActiveCfg = Release|Any CPU
		{1806F723-181F-46C5-BF6C-00EA78873808}.Release|Any CPU.Build.0 = Release|Any CPU
		{FDEF698A-19A5-4E96-977E-CE9024C2F122}.Debug|Any CPU.ActiveCfg = Debug|Any CPU
		{FDEF698A-19A5-4E96-977E-CE9024C2F122}.Debug|Any CPU.Build.0 = Debug|Any CPU
		{FDEF698A-19A5-4E96-977E-CE9024C2F122}.Release|Any CPU.ActiveCfg = Release|Any CPU
		{FDEF698A-19A5-4E96-977E-CE9024C2F122}.Release|Any CPU.Build.0 = Release|Any CPU
		{E2CAE145-7427-4732-BFC8-E79DA40E1CE5}.Debug|Any CPU.ActiveCfg = Debug|Any CPU
		{E2CAE145-7427-4732-BFC8-E79DA40E1CE5}.Debug|Any CPU.Build.0 = Debug|Any CPU
		{E2CAE145-7427-4732-BFC8-E79DA40E1CE5}.Release|Any CPU.ActiveCfg = Release|Any CPU
		{E2CAE145-7427-4732-BFC8-E79DA40E1CE5}.Release|Any CPU.Build.0 = Release|Any CPU
		{6F224FE2-3516-4903-B803-9FDFBFC2BA9F}.Debug|Any CPU.ActiveCfg = Debug|Any CPU
		{6F224FE2-3516-4903-B803-9FDFBFC2BA9F}.Debug|Any CPU.Build.0 = Debug|Any CPU
		{6F224FE2-3516-4903-B803-9FDFBFC2BA9F}.Release|Any CPU.ActiveCfg = Release|Any CPU
		{6F224FE2-3516-4903-B803-9FDFBFC2BA9F}.Release|Any CPU.Build.0 = Release|Any CPU
	EndGlobalSection
	GlobalSection(SolutionProperties) = preSolution
		HideSolutionNode = FALSE
	EndGlobalSection
	GlobalSection(NestedProjects) = preSolution
		{FF42DBD8-F793-4887-8306-3367ADE4D948} = {8A757867-9529-46E9-AD6A-BDF73D59A296}
		{1806F723-181F-46C5-BF6C-00EA78873808} = {8A757867-9529-46E9-AD6A-BDF73D59A296}
		{FDEF698A-19A5-4E96-977E-CE9024C2F122} = {8A757867-9529-46E9-AD6A-BDF73D59A296}
		{E2CAE145-7427-4732-BFC8-E79DA40E1CE5} = {8A757867-9529-46E9-AD6A-BDF73D59A296}
		{6F224FE2-3516-4903-B803-9FDFBFC2BA9F} = {8A757867-9529-46E9-AD6A-BDF73D59A296}
	EndGlobalSection
	GlobalSection(ExtensibilityGlobals) = postSolution
		SolutionGuid = {3860A5A7-A23D-4FDB-9F25-1B5ED4CEFFF2}
	EndGlobalSection
EndGlobal
